PODS:
  - CollectionViewCenteredFlowLayout (1.0.1)

DEPENDENCIES:
  - CollectionViewCenteredFlowLayout (from `..`)

EXTERNAL SOURCES:
  CollectionViewCenteredFlowLayout:
    :path: ".."

SPEC CHECKSUMS:
  CollectionViewCenteredFlowLayout: b95892ba0c0d047e348eb0b64c4ee5b52ff0bf9b

PODFILE CHECKSUM: 3fa6777a7a1e9edde6c8ce74fd0509ef089b71f2

COCOAPODS: 1.2.1
