PODS:
  - CollectionViewCenteredFlowLayout (1.0.5)
  - SwiftLint (0.52.4)

DEPENDENCIES:
  - CollectionViewCenteredFlowLayout (from `..`)
  - SwiftLint (~> 0)

SPEC REPOS:
  trunk:
    - SwiftLint

EXTERNAL SOURCES:
  CollectionViewCenteredFlowLayout:
    :path: ".."

SPEC CHECKSUMS:
  CollectionViewCenteredFlowLayout: c4969525f5add013d7ba57df8a98a14446b1e083
  SwiftLint: 1cc5cd61ba9bacb2194e340aeb47a2a37fda00b3

PODFILE CHECKSUM: 57b92d11d7ccb4d5890d9d384de3da3b004805de

COCOAPODS: 1.11.3
