PODS:
  - CollectionViewCenteredFlowLayout (1.0.4)
  - SwiftLint (0.48.0)

DEPENDENCIES:
  - CollectionViewCenteredFlowLayout (from `..`)
  - SwiftLint (~> 0)

SPEC REPOS:
  trunk:
    - SwiftLint

EXTERNAL SOURCES:
  CollectionViewCenteredFlowLayout:
    :path: ".."

SPEC CHECKSUMS:
  CollectionViewCenteredFlowLayout: fb1aa0e869738abda6ef550ffb15afe765120aa0
  SwiftLint: 284cea64b6187c5d6bd83e9a548a64104d546447

PODFILE CHECKSUM: 643725527ed4679c4abf86eeaf8e96d4f666f2e6

COCOAPODS: 1.11.3
